version = 1
revision = 1
requires-python = ">=3.10"

[[package]]
name = "codeprov"
version = "0.0.1a0"
source = { editable = "." }
dependencies = [
    { name = "marisa-trie" },
    { name = "rbloom" },
    { name = "tree-sitter" },
    { name = "tree-sitter-java" },
    { name = "tree-sitter-javascript" },
    { name = "tree-sitter-python" },
    { name = "tree-sitter-yaml" },
]

[package.metadata]
requires-dist = [
    { name = "marisa-trie", specifier = ">=1.2.1" },
    { name = "rbloom", specifier = ">=1.0.0" },
    { name = "tree-sitter", specifier = ">=0.24.0" },
    { name = "tree-sitter-java", specifier = ">=0.23.5" },
    { name = "tree-sitter-javascript", specifier = ">=0.23.1" },
    { name = "tree-sitter-python", specifier = ">=0.23.6" },
    { name = "tree-sitter-yaml", specifier = ">=0.7.0" },
]

[[package]]
name = "marisa-trie"
version = "1.2.1"
source = { registry = "https://pypi.org/simple" }
dependencies = [
    { name = "setuptools" },
]
sdist = { url = "https://files.pythonhosted.org/packages/31/15/9d9743897e4450b2de199ee673b50cb018980c4ced477d41cf91304a85e3/marisa_trie-1.2.1.tar.gz", hash = "sha256:3a27c408e2aefc03e0f1d25b2ff2afb85aac3568f6fa2ae2a53b57a2e87ce29d", size = 416124 }
wheels = [
    { url = "https://files.pythonhosted.org/packages/e4/83/ccf5b33f2123f3110705c608f8e0caa82002626511aafafc58f82e50d322/marisa_trie-1.2.1-cp310-cp310-macosx_10_9_universal2.whl", hash = "sha256:a2eb41d2f9114d8b7bd66772c237111e00d2bae2260824560eaa0a1e291ce9e8", size = 362200 },
    { url = "https://files.pythonhosted.org/packages/9d/74/f7ce1fc2ee480c7f8ceadd9b992caceaba442a97e5e99d6aea00d3635a0b/marisa_trie-1.2.1-cp310-cp310-macosx_10_9_x86_64.whl", hash = "sha256:9e956e6a46f604b17d570901e66f5214fb6f658c21e5e7665deace236793cef6", size = 192309 },
    { url = "https://files.pythonhosted.org/packages/e4/52/5dbbc13e57ce54c2ef0d04962d7d8f66edc69ed34310c734a2913199a581/marisa_trie-1.2.1-cp310-cp310-macosx_11_0_arm64.whl", hash = "sha256:bd45142501300e7538b2e544905580918b67b1c82abed1275fe4c682c95635fa", size = 174713 },
    { url = "https://files.pythonhosted.org/packages/57/49/2580372f3f980aea95c23d05b2c1d3bbb9ee1ab8cfd441545153e44f1be7/marisa_trie-1.2.1-cp310-cp310-manylinux_2_17_aarch64.manylinux2014_aarch64.whl", hash = "sha256:a8443d116c612cfd1961fbf76769faf0561a46d8e317315dd13f9d9639ad500c", size = 1314808 },
    { url = "https://files.pythonhosted.org/packages/5a/ba/e12a4d450f265414cc68df6a116a78beece72b95f774f04d29cd48e08d19/marisa_trie-1.2.1-cp310-cp310-manylinux_2_17_x86_64.manylinux2014_x86_64.whl", hash = "sha256:875a6248e60fbb48d947b574ffa4170f34981f9e579bde960d0f9a49ea393ecc", size = 1346678 },
    { url = "https://files.pythonhosted.org/packages/b2/81/8e130cb1eea741fd17694d821096f7ec9841f0e3d3c69b740257f5eeafa8/marisa_trie-1.2.1-cp310-cp310-manylinux_2_5_i686.manylinux1_i686.manylinux_2_17_i686.manylinux2014_i686.whl", hash = "sha256:746a7c60a17fccd3cfcfd4326926f02ea4fcdfc25d513411a0c4fc8e4a1ca51f", size = 1307254 },
    { url = "https://files.pythonhosted.org/packages/d7/d0/3deb5ea2bf7e4d845339875dbb31f3c3f66c8d6568723db1d137fb08a91c/marisa_trie-1.2.1-cp310-cp310-musllinux_1_2_aarch64.whl", hash = "sha256:e70869737cc0e5bd903f620667da6c330d6737048d1f44db792a6af68a1d35be", size = 2194712 },
    { url = "https://files.pythonhosted.org/packages/9c/5f/b38d728dd30954816497b53425cfaddaf7b93ac0912db5911888f191b07a/marisa_trie-1.2.1-cp310-cp310-musllinux_1_2_i686.whl", hash = "sha256:06b099dd743676dbcd8abd8465ceac8f6d97d8bfaabe2c83b965495523b4cef2", size = 2355625 },
    { url = "https://files.pythonhosted.org/packages/7e/4f/61c0faa9ae9e53600a1b7a0c367bc9db1a4fdc625402ec232c755a05e094/marisa_trie-1.2.1-cp310-cp310-musllinux_1_2_x86_64.whl", hash = "sha256:d2a82eb21afdaf22b50d9b996472305c05ca67fc4ff5a026a220320c9c961db6", size = 2290290 },
    { url = "https://files.pythonhosted.org/packages/7c/7d/713b970fb3043248881ed776dbf4d54918398aa5dde843a38711d0d62c8f/marisa_trie-1.2.1-cp310-cp310-win32.whl", hash = "sha256:8951e7ce5d3167fbd085703b4cbb3f47948ed66826bef9a2173c379508776cf5", size = 130743 },
    { url = "https://files.pythonhosted.org/packages/cc/94/3d619cc82c30daeacd18a88674f4e6540ebfb7b4b7752ca0552793be80cf/marisa_trie-1.2.1-cp310-cp310-win_amd64.whl", hash = "sha256:5685a14b3099b1422c4f59fa38b0bf4b5342ee6cc38ae57df9666a0b28eeaad3", size = 151891 },
    { url = "https://files.pythonhosted.org/packages/4a/93/ffb01dfa22b6eee918e798e0bc3487427036c608aa4c065725f31aaf4104/marisa_trie-1.2.1-cp311-cp311-macosx_10_9_universal2.whl", hash = "sha256:ed3fb4ed7f2084597e862bcd56c56c5529e773729a426c083238682dba540e98", size = 362823 },
    { url = "https://files.pythonhosted.org/packages/6d/1d/5c36500ac350c278c9bdfd88e17fa846fa4136d75597c167141ed973cdf2/marisa_trie-1.2.1-cp311-cp311-macosx_10_9_x86_64.whl", hash = "sha256:0fe69fb9ffb2767746181f7b3b29bbd3454d1d24717b5958e030494f3d3cddf3", size = 192741 },
    { url = "https://files.pythonhosted.org/packages/e8/04/87dd0840f3f720e511eba56193c02bf64d7d96df1ca9f6d19994f55154be/marisa_trie-1.2.1-cp311-cp311-macosx_11_0_arm64.whl", hash = "sha256:4728ed3ae372d1ea2cdbd5eaa27b8f20a10e415d1f9d153314831e67d963f281", size = 174995 },
    { url = "https://files.pythonhosted.org/packages/c9/51/9e903a7e13b7593e2e675d0ec4c390ca076dc5df1c1a0d5e85a513b886a3/marisa_trie-1.2.1-cp311-cp311-manylinux_2_17_aarch64.manylinux2014_aarch64.whl", hash = "sha256:8cf4f25cf895692b232f49aa5397af6aba78bb679fb917a05fce8d3cb1ee446d", size = 1384728 },
    { url = "https://files.pythonhosted.org/packages/e8/3f/7362a5ac60c2b0aad0f52cd57e7bd0c708f20d2660d8df85360f3d8f1c4b/marisa_trie-1.2.1-cp311-cp311-manylinux_2_17_x86_64.manylinux2014_x86_64.whl", hash = "sha256:7cca7f96236ffdbf49be4b2e42c132e3df05968ac424544034767650913524de", size = 1412620 },
    { url = "https://files.pythonhosted.org/packages/1f/bc/aaa3eaf6875f78a204a8da9692d56e3a36f89997dad2c388628385614576/marisa_trie-1.2.1-cp311-cp311-manylinux_2_5_i686.manylinux1_i686.manylinux_2_17_i686.manylinux2014_i686.whl", hash = "sha256:d7eb20bf0e8b55a58d2a9b518aabc4c18278787bdba476c551dd1c1ed109e509", size = 1361555 },
    { url = "https://files.pythonhosted.org/packages/18/98/e11b5a6206c5d110f32adab37fa84a85410d684e9c731acdd5c9250e2ce4/marisa_trie-1.2.1-cp311-cp311-musllinux_1_2_aarch64.whl", hash = "sha256:b1ec93f0d1ee6d7ab680a6d8ea1a08bf264636358e92692072170032dda652ba", size = 2257717 },
    { url = "https://files.pythonhosted.org/packages/d2/9d/6b4a40867875e738a67c5b29f83e2e490a66bd9067ace3dd9a5c497e2b7f/marisa_trie-1.2.1-cp311-cp311-musllinux_1_2_i686.whl", hash = "sha256:e2699255d7ac610dee26d4ae7bda5951d05c7d9123a22e1f7c6a6f1964e0a4e4", size = 2417044 },
    { url = "https://files.pythonhosted.org/packages/fe/61/e25613c72f2931757334b8bcf6b501569ef713f5ee9c6c7688ec460bd720/marisa_trie-1.2.1-cp311-cp311-musllinux_1_2_x86_64.whl", hash = "sha256:c484410911182457a8a1a0249d0c09c01e2071b78a0a8538cd5f7fa45589b13a", size = 2351960 },
    { url = "https://files.pythonhosted.org/packages/19/0a/a90ccaf3eb476d13ec261f80c6c52defaf10ebc7f35eb2bcd7dfb533aef7/marisa_trie-1.2.1-cp311-cp311-win32.whl", hash = "sha256:ad548117744b2bcf0e3d97374608be0a92d18c2af13d98b728d37cd06248e571", size = 130446 },
    { url = "https://files.pythonhosted.org/packages/fc/98/574b4e143e0a2f5f71af8716b6c4a8a46220f75a6e0847ce7d11ee0ba4aa/marisa_trie-1.2.1-cp311-cp311-win_amd64.whl", hash = "sha256:436f62d27714970b9cdd3b3c41bdad046f260e62ebb0daa38125ef70536fc73b", size = 152037 },
    { url = "https://files.pythonhosted.org/packages/4e/bf/8bd4ac8436b33fd46c9e1ffe3c2a131cd9744cc1649dbbe13308f744ef2b/marisa_trie-1.2.1-cp312-cp312-macosx_10_13_universal2.whl", hash = "sha256:638506eacf20ca503fff72221a7e66a6eadbf28d6a4a6f949fcf5b1701bb05ec", size = 360041 },
    { url = "https://files.pythonhosted.org/packages/ab/dd/4d3151e302e66ae387885f6ec265bd189e096b0c43c1379bfd9a3b9d2543/marisa_trie-1.2.1-cp312-cp312-macosx_10_13_x86_64.whl", hash = "sha256:de1665eaafefa48a308e4753786519888021740501a15461c77bdfd57638e6b4", size = 190520 },
    { url = "https://files.pythonhosted.org/packages/00/28/ae5991c74fb90b173167a366a634c83445f948ad044d37287b478d6b457e/marisa_trie-1.2.1-cp312-cp312-macosx_11_0_arm64.whl", hash = "sha256:f713af9b8aa66a34cd3a78c7d150a560a75734713abe818a69021fd269e927fa", size = 174175 },
    { url = "https://files.pythonhosted.org/packages/5a/6a/fbfa89a8680eaabc6847a6c421e65427c43182db0c4bdb60e1516c81c822/marisa_trie-1.2.1-cp312-cp312-manylinux_2_17_aarch64.manylinux2014_aarch64.whl", hash = "sha256:b2a7d00f53f4945320b551bccb826b3fb26948bde1a10d50bb9802fabb611b10", size = 1354995 },
    { url = "https://files.pythonhosted.org/packages/9e/4c/2ba0b385e5f64ca4ddb0c10ec52ddf881bc4521f135948786fc339d1d6c8/marisa_trie-1.2.1-cp312-cp312-manylinux_2_17_x86_64.manylinux2014_x86_64.whl", hash = "sha256:98042040d1d6085792e8d0f74004fc0f5f9ca6091c298f593dd81a22a4643854", size = 1390989 },
    { url = "https://files.pythonhosted.org/packages/6b/22/0791ed3045c91d0938345a86be472fc7c188b894f16c5dfad2ef31e7f882/marisa_trie-1.2.1-cp312-cp312-manylinux_2_5_i686.manylinux1_i686.manylinux_2_17_i686.manylinux2014_i686.whl", hash = "sha256:6532615111eec2c79e711965ece0bc95adac1ff547a7fff5ffca525463116deb", size = 1328810 },
    { url = "https://files.pythonhosted.org/packages/9d/7d/3f566e563abae6efce7fc311c63282a447c611739b3cd66c0e36077c86f8/marisa_trie-1.2.1-cp312-cp312-musllinux_1_2_aarch64.whl", hash = "sha256:20948e40ab2038e62b7000ca6b4a913bc16c91a2c2e6da501bd1f917eeb28d51", size = 2230222 },
    { url = "https://files.pythonhosted.org/packages/a5/0b/38fbb4611b5d1030242ddc2aa62e524438c8076e26f87395dbbf222dc62d/marisa_trie-1.2.1-cp312-cp312-musllinux_1_2_i686.whl", hash = "sha256:66b23e5b35dd547f85bf98db7c749bc0ffc57916ade2534a6bbc32db9a4abc44", size = 2383620 },
    { url = "https://files.pythonhosted.org/packages/ae/17/4553c63de29904d5d2521a24cad817bc7883cfa90506ab702ec4dae59a7b/marisa_trie-1.2.1-cp312-cp312-musllinux_1_2_x86_64.whl", hash = "sha256:6704adf0247d2dda42e876b793be40775dff46624309ad99bc7537098bee106d", size = 2329202 },
    { url = "https://files.pythonhosted.org/packages/45/08/6307a630e63cd763fe77ac56516faa67fa9cd342060691e40fabc84be6b0/marisa_trie-1.2.1-cp312-cp312-win32.whl", hash = "sha256:3ad356442c2fea4c2a6f514738ddf213d23930f942299a2b2c05df464a00848a", size = 129652 },
    { url = "https://files.pythonhosted.org/packages/a1/fe/67c357bfd92710d95a16b86e1453c663d565415d7f7838781c79ff7e1a7e/marisa_trie-1.2.1-cp312-cp312-win_amd64.whl", hash = "sha256:f2806f75817392cedcacb24ac5d80b0350dde8d3861d67d045c1d9b109764114", size = 150845 },
    { url = "https://files.pythonhosted.org/packages/2a/a4/a110cd9952f0e72da7bafea1f0084b18b9e03952110d9083bfda52279f5c/marisa_trie-1.2.1-cp313-cp313-macosx_10_13_universal2.whl", hash = "sha256:b5ea16e69bfda0ac028c921b58de1a4aaf83d43934892977368579cd3c0a2554", size = 354439 },
    { url = "https://files.pythonhosted.org/packages/3c/a5/a6099eb1c3fd8d7e93408c45501e1d08536ac57dfef02ec331f78e1ace18/marisa_trie-1.2.1-cp313-cp313-macosx_10_13_x86_64.whl", hash = "sha256:9f627f4e41be710b6cb6ed54b0128b229ac9d50e2054d9cde3af0fef277c23cf", size = 188187 },
    { url = "https://files.pythonhosted.org/packages/7c/cc/f637127e2beffa920d21f7fc45b4029575bcd1b28a90c0d90cb2b08c2205/marisa_trie-1.2.1-cp313-cp313-macosx_11_0_arm64.whl", hash = "sha256:5e649f3dc8ab5476732094f2828cc90cac3be7c79bc0c8318b6fda0c1d248db4", size = 171484 },
    { url = "https://files.pythonhosted.org/packages/6d/0f/29f2ad7260b956570f69f25a542efa51ba76eb76ecd53c63ee9d21987c3d/marisa_trie-1.2.1-cp313-cp313-manylinux_2_17_aarch64.manylinux2014_aarch64.whl", hash = "sha256:46e528ee71808c961baf8c3ce1c46a8337ec7a96cc55389d11baafe5b632f8e9", size = 1319770 },
    { url = "https://files.pythonhosted.org/packages/f2/12/0b69ed61fba59551a5f3d569af367afae614db7214ce1da12946ba9a433a/marisa_trie-1.2.1-cp313-cp313-manylinux_2_17_x86_64.manylinux2014_x86_64.whl", hash = "sha256:36aa4401a1180615f74d575571a6550081d84fc6461e9aefc0bb7b2427af098e", size = 1356488 },
    { url = "https://files.pythonhosted.org/packages/33/23/483b110db7ffe8729d6ebea2bf74258aef51f10fef5775f99e4bac7aef69/marisa_trie-1.2.1-cp313-cp313-manylinux_2_5_i686.manylinux1_i686.manylinux_2_17_i686.manylinux2014_i686.whl", hash = "sha256:ce59bcd2cda9bb52b0e90cc7f36413cd86c3d0ce7224143447424aafb9f4aa48", size = 1302334 },
    { url = "https://files.pythonhosted.org/packages/1c/6f/46c2be99ce925985127fdf78900f1673bce8cb72debfebee6dccd11032c6/marisa_trie-1.2.1-cp313-cp313-musllinux_1_2_aarch64.whl", hash = "sha256:f4cd800704a5fc57e53c39c3a6b0c9b1519ebdbcb644ede3ee67a06eb542697d", size = 2202624 },
    { url = "https://files.pythonhosted.org/packages/fd/b6/ef642327dbd4ec35be55d5682520b8f70fca98a54024f441ef2732f6b305/marisa_trie-1.2.1-cp313-cp313-musllinux_1_2_i686.whl", hash = "sha256:2428b495003c189695fb91ceeb499f9fcced3a2dce853e17fa475519433c67ff", size = 2364206 },
    { url = "https://files.pythonhosted.org/packages/69/04/ef8197a79d0ab5043b781cc9b457bd11b81d4204fe78adf7625a67f48c21/marisa_trie-1.2.1-cp313-cp313-musllinux_1_2_x86_64.whl", hash = "sha256:735c363d9aaac82eaf516a28f7c6b95084c2e176d8231c87328dc80e112a9afa", size = 2304801 },
    { url = "https://files.pythonhosted.org/packages/03/72/f87564d653daf31d8f33d9bf0121e99ccc21f18f5c485fb404ba06abc10e/marisa_trie-1.2.1-cp313-cp313-win32.whl", hash = "sha256:eba6ca45500ca1a042466a0684aacc9838e7f20fe2605521ee19f2853062798f", size = 128799 },
    { url = "https://files.pythonhosted.org/packages/27/40/5f9eb8b73030cc4b0d6817176e66079a62a2ddd9d5530da54f8011473428/marisa_trie-1.2.1-cp313-cp313-win_amd64.whl", hash = "sha256:aa7cd17e1c690ce96c538b2f4aae003d9a498e65067dd433c52dd069009951d4", size = 149035 },
]

[[package]]
name = "rbloom"
version = "1.5.2"
source = { registry = "https://pypi.org/simple" }
sdist = { url = "https://files.pythonhosted.org/packages/d8/bb/ecdaf82414e7ae2d7b7db2568cd06ded008f8bd0fbaa788ddc5f2eeb4be0/rbloom-1.5.2.tar.gz", hash = "sha256:e83544300ca741abdf7214f8f880c05afca4b536a9d77be824c1c68625685803", size = 21178 }
wheels = [
    { url = "https://files.pythonhosted.org/packages/89/77/3f672a00d24e56915df5308a7d0ff9d637a732b844d280410df4d5bb1d61/rbloom-1.5.2-cp37-abi3-macosx_10_12_x86_64.whl", hash = "sha256:d2b6879c2bade72565d5f96b4e1f64fc04ddd679574a2994a1bd70377fe674ac", size = 272119 },
    { url = "https://files.pythonhosted.org/packages/30/9d/49dbb1e0f516467cec135472fad56cff7fd6410bc4641e8ea6bb0ba4cda5/rbloom-1.5.2-cp37-abi3-macosx_11_0_arm64.whl", hash = "sha256:9ae886d880c7ae9ac71cf6704a95043e1a1c826d96257cedad8b157f777581b8", size = 266389 },
    { url = "https://files.pythonhosted.org/packages/36/9d/cc0ee1cb3ef73cb81f32a741d4aa6a771a8e86b460cc98e66b55120a805e/rbloom-1.5.2-cp37-abi3-manylinux_2_17_aarch64.manylinux2014_aarch64.whl", hash = "sha256:7c6ea4862ff750337f67e0cbb705c6261a1b408d7c0721914a5d92b9c11d43df", size = 310611 },
    { url = "https://files.pythonhosted.org/packages/47/83/f803ef934c356d99daa87c4dd7a84c75ff0636307c8661c34fddb878763e/rbloom-1.5.2-cp37-abi3-manylinux_2_17_armv7l.manylinux2014_armv7l.whl", hash = "sha256:16cce9f19f27465c8c1c529d4cf7e14556a11f431f63e6b7a23921375ffd18af", size = 315453 },
    { url = "https://files.pythonhosted.org/packages/46/71/ecf52efad2bd571e45e26ebbd9268679bf970c0d283d28fa6e4c52cc4edb/rbloom-1.5.2-cp37-abi3-manylinux_2_17_ppc64le.manylinux2014_ppc64le.whl", hash = "sha256:be472c8854d4e13f4862822c3c6bcae5190bfa0b59142aba26195d8a171e0d3f", size = 342722 },
    { url = "https://files.pythonhosted.org/packages/65/c6/34abe304c657a3dc4a302b16b47e731213a07e63e1131551bd8db90be7a5/rbloom-1.5.2-cp37-abi3-manylinux_2_17_s390x.manylinux2014_s390x.whl", hash = "sha256:170c34b7a1b26c1d581a6fd537e5af30c9fc18f2ce9cf51b822c390d26b176c6", size = 377790 },
    { url = "https://files.pythonhosted.org/packages/01/89/2c7c55a419fcf037964d2280b57c87a9bd5f1d262f7c666d16fd07c1a768/rbloom-1.5.2-cp37-abi3-manylinux_2_17_x86_64.manylinux2014_x86_64.whl", hash = "sha256:fe497954ffe769ebfbc6c3df091a878a5eb650e21c955aa606fa516be7c2c6d7", size = 300142 },
    { url = "https://files.pythonhosted.org/packages/a4/06/4d4c6852c4aedcd309be7c73369270719836329cce2568077df991133563/rbloom-1.5.2-cp37-abi3-manylinux_2_5_i686.manylinux1_i686.whl", hash = "sha256:05a05b6b44486795cb2ee209563a4d2127f7ec07195caba0038503cd174bc7d1", size = 318791 },
    { url = "https://files.pythonhosted.org/packages/ac/e3/9e39760cb8e6b1181f3732fbc456f8a844f9c000a6d16c14bcf91ae5d6ee/rbloom-1.5.2-cp37-abi3-win32.whl", hash = "sha256:2c59bced1f3d71ad266dbeb5e2b140ed9128f64c083ceddb2a0c94244cc1c923", size = 167143 },
    { url = "https://files.pythonhosted.org/packages/b8/16/d8637d6a7840af37cf1aae2d1cd64e48840ce7e11e049ad0ee477b139856/rbloom-1.5.2-cp37-abi3-win_amd64.whl", hash = "sha256:7297f2040d4e8882baea29cb0c554b9c008b5db616790620278b9aaaf95cf439", size = 174762 },
]

[[package]]
name = "setuptools"
version = "77.0.3"
source = { registry = "https://pypi.org/simple" }
sdist = { url = "https://files.pythonhosted.org/packages/81/ed/7101d53811fd359333583330ff976e5177c5e871ca8b909d1d6c30553aa3/setuptools-77.0.3.tar.gz", hash = "sha256:583b361c8da8de57403743e756609670de6fb2345920e36dc5c2d914c319c945", size = 1367236 }
wheels = [
    { url = "https://files.pythonhosted.org/packages/a9/07/99f2cefae815c66eb23148f15d79ec055429c38fa8986edcc712ab5f3223/setuptools-77.0.3-py3-none-any.whl", hash = "sha256:67122e78221da5cf550ddd04cf8742c8fe12094483749a792d56cd669d6cf58c", size = 1255678 },
]

[[package]]
name = "tree-sitter"
version = "0.24.0"
source = { registry = "https://pypi.org/simple" }
sdist = { url = "https://files.pythonhosted.org/packages/a7/a2/698b9d31d08ad5558f8bfbfe3a0781bd4b1f284e89bde3ad18e05101a892/tree-sitter-0.24.0.tar.gz", hash = "sha256:abd95af65ca2f4f7eca356343391ed669e764f37748b5352946f00f7fc78e734", size = 168304 }
wheels = [
    { url = "https://files.pythonhosted.org/packages/08/9a/bd627a02e41671af73222316e1fcf87772c7804dc2fba99405275eb1f3eb/tree_sitter-0.24.0-cp310-cp310-macosx_10_9_x86_64.whl", hash = "sha256:f3f00feff1fc47a8e4863561b8da8f5e023d382dd31ed3e43cd11d4cae445445", size = 140890 },
    { url = "https://files.pythonhosted.org/packages/5b/9b/b1ccfb187f8be78e2116176a091a2f2abfd043a06d78f80c97c97f315b37/tree_sitter-0.24.0-cp310-cp310-macosx_11_0_arm64.whl", hash = "sha256:f9691be48d98c49ef8f498460278884c666b44129222ed6217477dffad5d4831", size = 134413 },
    { url = "https://files.pythonhosted.org/packages/01/39/e25b0042a049eb27e991133a7aa7c49bb8e49a8a7b44ca34e7e6353ba7ac/tree_sitter-0.24.0-cp310-cp310-manylinux_2_17_aarch64.manylinux2014_aarch64.whl", hash = "sha256:098a81df9f89cf254d92c1cd0660a838593f85d7505b28249216661d87adde4a", size = 560427 },
    { url = "https://files.pythonhosted.org/packages/1c/59/4d132f1388da5242151b90acf32cc56af779bfba063923699ab28b276b62/tree_sitter-0.24.0-cp310-cp310-manylinux_2_17_x86_64.manylinux2014_x86_64.whl", hash = "sha256:0b26bf9e958da6eb7e74a081aab9d9c7d05f9baeaa830dbb67481898fd16f1f5", size = 574327 },
    { url = "https://files.pythonhosted.org/packages/ec/97/3914e45ab9e0ff0f157e493caa91791372508488b97ff0961a0640a37d25/tree_sitter-0.24.0-cp310-cp310-musllinux_1_2_x86_64.whl", hash = "sha256:2a84ff87a2f2a008867a1064aba510ab3bd608e3e0cd6e8fef0379efee266c73", size = 577171 },
    { url = "https://files.pythonhosted.org/packages/c5/b0/266a529c3eef171137b73cde8ad7aa282734354609a8b2f5564428e8f12d/tree_sitter-0.24.0-cp310-cp310-win_amd64.whl", hash = "sha256:c012e4c345c57a95d92ab5a890c637aaa51ab3b7ff25ed7069834b1087361c95", size = 120260 },
    { url = "https://files.pythonhosted.org/packages/c1/c3/07bfaa345e0037ff75d98b7a643cf940146e4092a1fd54eed0359836be03/tree_sitter-0.24.0-cp310-cp310-win_arm64.whl", hash = "sha256:033506c1bc2ba7bd559b23a6bdbeaf1127cee3c68a094b82396718596dfe98bc", size = 108416 },
    { url = "https://files.pythonhosted.org/packages/66/08/82aaf7cbea7286ee2a0b43e9b75cb93ac6ac132991b7d3c26ebe5e5235a3/tree_sitter-0.24.0-cp311-cp311-macosx_10_9_x86_64.whl", hash = "sha256:de0fb7c18c6068cacff46250c0a0473e8fc74d673e3e86555f131c2c1346fb13", size = 140733 },
    { url = "https://files.pythonhosted.org/packages/8c/bd/1a84574911c40734d80327495e6e218e8f17ef318dd62bb66b55c1e969f5/tree_sitter-0.24.0-cp311-cp311-macosx_11_0_arm64.whl", hash = "sha256:a7c9c89666dea2ce2b2bf98e75f429d2876c569fab966afefdcd71974c6d8538", size = 134243 },
    { url = "https://files.pythonhosted.org/packages/46/c1/c2037af2c44996d7bde84eb1c9e42308cc84b547dd6da7f8a8bea33007e1/tree_sitter-0.24.0-cp311-cp311-manylinux_2_17_aarch64.manylinux2014_aarch64.whl", hash = "sha256:4ddb113e6b8b3e3b199695b1492a47d87d06c538e63050823d90ef13cac585fd", size = 562030 },
    { url = "https://files.pythonhosted.org/packages/4c/aa/2fb4d81886df958e6ec7e370895f7106d46d0bbdcc531768326124dc8972/tree_sitter-0.24.0-cp311-cp311-manylinux_2_17_x86_64.manylinux2014_x86_64.whl", hash = "sha256:01ea01a7003b88b92f7f875da6ba9d5d741e0c84bb1bd92c503c0eecd0ee6409", size = 575585 },
    { url = "https://files.pythonhosted.org/packages/e3/3c/5f997ce34c0d1b744e0f0c0757113bdfc173a2e3dadda92c751685cfcbd1/tree_sitter-0.24.0-cp311-cp311-musllinux_1_2_x86_64.whl", hash = "sha256:464fa5b2cac63608915a9de8a6efd67a4da1929e603ea86abaeae2cb1fe89921", size = 578203 },
    { url = "https://files.pythonhosted.org/packages/d5/1f/f2bc7fa7c3081653ea4f2639e06ff0af4616c47105dbcc0746137da7620d/tree_sitter-0.24.0-cp311-cp311-win_amd64.whl", hash = "sha256:3b1f3cbd9700e1fba0be2e7d801527e37c49fc02dc140714669144ef6ab58dce", size = 120147 },
    { url = "https://files.pythonhosted.org/packages/c0/4c/9add771772c4d72a328e656367ca948e389432548696a3819b69cdd6f41e/tree_sitter-0.24.0-cp311-cp311-win_arm64.whl", hash = "sha256:f3f08a2ca9f600b3758792ba2406971665ffbad810847398d180c48cee174ee2", size = 108302 },
    { url = "https://files.pythonhosted.org/packages/e9/57/3a590f287b5aa60c07d5545953912be3d252481bf5e178f750db75572bff/tree_sitter-0.24.0-cp312-cp312-macosx_10_13_x86_64.whl", hash = "sha256:14beeff5f11e223c37be7d5d119819880601a80d0399abe8c738ae2288804afc", size = 140788 },
    { url = "https://files.pythonhosted.org/packages/61/0b/fc289e0cba7dbe77c6655a4dd949cd23c663fd62a8b4d8f02f97e28d7fe5/tree_sitter-0.24.0-cp312-cp312-macosx_11_0_arm64.whl", hash = "sha256:26a5b130f70d5925d67b47db314da209063664585a2fd36fa69e0717738efaf4", size = 133945 },
    { url = "https://files.pythonhosted.org/packages/86/d7/80767238308a137e0b5b5c947aa243e3c1e3e430e6d0d5ae94b9a9ffd1a2/tree_sitter-0.24.0-cp312-cp312-manylinux_2_17_aarch64.manylinux2014_aarch64.whl", hash = "sha256:5fc5c3c26d83c9d0ecb4fc4304fba35f034b7761d35286b936c1db1217558b4e", size = 564819 },
    { url = "https://files.pythonhosted.org/packages/bf/b3/6c5574f4b937b836601f5fb556b24804b0a6341f2eb42f40c0e6464339f4/tree_sitter-0.24.0-cp312-cp312-manylinux_2_17_x86_64.manylinux2014_x86_64.whl", hash = "sha256:772e1bd8c0931c866b848d0369b32218ac97c24b04790ec4b0e409901945dd8e", size = 579303 },
    { url = "https://files.pythonhosted.org/packages/0a/f4/bd0ddf9abe242ea67cca18a64810f8af230fc1ea74b28bb702e838ccd874/tree_sitter-0.24.0-cp312-cp312-musllinux_1_2_x86_64.whl", hash = "sha256:24a8dd03b0d6b8812425f3b84d2f4763322684e38baf74e5bb766128b5633dc7", size = 581054 },
    { url = "https://files.pythonhosted.org/packages/8c/1c/ff23fa4931b6ef1bbeac461b904ca7e49eaec7e7e5398584e3eef836ec96/tree_sitter-0.24.0-cp312-cp312-win_amd64.whl", hash = "sha256:f9e8b1605ab60ed43803100f067eed71b0b0e6c1fb9860a262727dbfbbb74751", size = 120221 },
    { url = "https://files.pythonhosted.org/packages/b2/2a/9979c626f303177b7612a802237d0533155bf1e425ff6f73cc40f25453e2/tree_sitter-0.24.0-cp312-cp312-win_arm64.whl", hash = "sha256:f733a83d8355fc95561582b66bbea92ffd365c5d7a665bc9ebd25e049c2b2abb", size = 108234 },
    { url = "https://files.pythonhosted.org/packages/61/cd/2348339c85803330ce38cee1c6cbbfa78a656b34ff58606ebaf5c9e83bd0/tree_sitter-0.24.0-cp313-cp313-macosx_10_13_x86_64.whl", hash = "sha256:0d4a6416ed421c4210f0ca405a4834d5ccfbb8ad6692d4d74f7773ef68f92071", size = 140781 },
    { url = "https://files.pythonhosted.org/packages/8b/a3/1ea9d8b64e8dcfcc0051028a9c84a630301290995cd6e947bf88267ef7b1/tree_sitter-0.24.0-cp313-cp313-macosx_11_0_arm64.whl", hash = "sha256:e0992d483677e71d5c5d37f30dfb2e3afec2f932a9c53eec4fca13869b788c6c", size = 133928 },
    { url = "https://files.pythonhosted.org/packages/fe/ae/55c1055609c9428a4aedf4b164400ab9adb0b1bf1538b51f4b3748a6c983/tree_sitter-0.24.0-cp313-cp313-manylinux_2_17_aarch64.manylinux2014_aarch64.whl", hash = "sha256:57277a12fbcefb1c8b206186068d456c600dbfbc3fd6c76968ee22614c5cd5ad", size = 564497 },
    { url = "https://files.pythonhosted.org/packages/ce/d0/f2ffcd04882c5aa28d205a787353130cbf84b2b8a977fd211bdc3b399ae3/tree_sitter-0.24.0-cp313-cp313-manylinux_2_17_x86_64.manylinux2014_x86_64.whl", hash = "sha256:d25fa22766d63f73716c6fec1a31ee5cf904aa429484256bd5fdf5259051ed74", size = 578917 },
    { url = "https://files.pythonhosted.org/packages/af/82/aebe78ea23a2b3a79324993d4915f3093ad1af43d7c2208ee90be9273273/tree_sitter-0.24.0-cp313-cp313-musllinux_1_2_x86_64.whl", hash = "sha256:7d5d9537507e1c8c5fa9935b34f320bfec4114d675e028f3ad94f11cf9db37b9", size = 581148 },
    { url = "https://files.pythonhosted.org/packages/a1/b4/6b0291a590c2b0417cfdb64ccb8ea242f270a46ed429c641fbc2bfab77e0/tree_sitter-0.24.0-cp313-cp313-win_amd64.whl", hash = "sha256:f58bb4956917715ec4d5a28681829a8dad5c342cafd4aea269f9132a83ca9b34", size = 120207 },
    { url = "https://files.pythonhosted.org/packages/a8/18/542fd844b75272630229c9939b03f7db232c71a9d82aadc59c596319ea6a/tree_sitter-0.24.0-cp313-cp313-win_arm64.whl", hash = "sha256:23641bd25dcd4bb0b6fa91b8fb3f46cc9f1c9f475efe4d536d3f1f688d1b84c8", size = 108232 },
]

[[package]]
name = "tree-sitter-java"
version = "0.23.5"
source = { registry = "https://pypi.org/simple" }
sdist = { url = "https://files.pythonhosted.org/packages/fa/dc/eb9c8f96304e5d8ae1663126d89967a622a80937ad2909903569ccb7ec8f/tree_sitter_java-0.23.5.tar.gz", hash = "sha256:f5cd57b8f1270a7f0438878750d02ccc79421d45cca65ff284f1527e9ef02e38", size = 138121 }
wheels = [
    { url = "https://files.pythonhosted.org/packages/67/21/b3399780b440e1567a11d384d0ebb1aea9b642d0d98becf30fa55c0e3a3b/tree_sitter_java-0.23.5-cp39-abi3-macosx_10_9_x86_64.whl", hash = "sha256:355ce0308672d6f7013ec913dee4a0613666f4cda9044a7824240d17f38209df", size = 58926 },
    { url = "https://files.pythonhosted.org/packages/57/ef/6406b444e2a93bc72a04e802f4107e9ecf04b8de4a5528830726d210599c/tree_sitter_java-0.23.5-cp39-abi3-macosx_11_0_arm64.whl", hash = "sha256:24acd59c4720dedad80d548fe4237e43ef2b7a4e94c8549b0ca6e4c4d7bf6e69", size = 62288 },
    { url = "https://files.pythonhosted.org/packages/4e/6c/74b1c150d4f69c291ab0b78d5dd1b59712559bbe7e7daf6d8466d483463f/tree_sitter_java-0.23.5-cp39-abi3-manylinux_2_17_aarch64.manylinux2014_aarch64.whl", hash = "sha256:9401e7271f0b333df39fc8a8336a0caf1b891d9a2b89ddee99fae66b794fc5b7", size = 85533 },
    { url = "https://files.pythonhosted.org/packages/29/09/e0d08f5c212062fd046db35c1015a2621c2631bc8b4aae5740d7adb276ad/tree_sitter_java-0.23.5-cp39-abi3-manylinux_2_5_x86_64.manylinux1_x86_64.manylinux_2_17_x86_64.manylinux2014_x86_64.whl", hash = "sha256:370b204b9500b847f6d0c5ad584045831cee69e9a3e4d878535d39e4a7e4c4f1", size = 84033 },
    { url = "https://files.pythonhosted.org/packages/43/56/7d06b23ddd09bde816a131aa504ee11a1bbe87c6b62ab9b2ed23849a3382/tree_sitter_java-0.23.5-cp39-abi3-musllinux_1_2_x86_64.whl", hash = "sha256:aae84449e330363b55b14a2af0585e4e0dae75eb64ea509b7e5b0e1de536846a", size = 82564 },
    { url = "https://files.pythonhosted.org/packages/da/d6/0528c7e1e88a18221dbd8ccee3825bf274b1fa300f745fd74eb343878043/tree_sitter_java-0.23.5-cp39-abi3-win_amd64.whl", hash = "sha256:1ee45e790f8d31d416bc84a09dac2e2c6bc343e89b8a2e1d550513498eedfde7", size = 60650 },
    { url = "https://files.pythonhosted.org/packages/72/57/5bab54d23179350356515526fff3cc0f3ac23bfbc1a1d518a15978d4880e/tree_sitter_java-0.23.5-cp39-abi3-win_arm64.whl", hash = "sha256:402efe136104c5603b429dc26c7e75ae14faaca54cfd319ecc41c8f2534750f4", size = 59059 },
]

[[package]]
name = "tree-sitter-javascript"
version = "0.23.1"
source = { registry = "https://pypi.org/simple" }
sdist = { url = "https://files.pythonhosted.org/packages/cd/dc/1c55c33cc6bbe754359b330534cf9f261c1b9b2c26ddf23aef3c5fa67759/tree_sitter_javascript-0.23.1.tar.gz", hash = "sha256:b2059ce8b150162cda05a457ca3920450adbf915119c04b8c67b5241cd7fcfed", size = 110058 }
wheels = [
    { url = "https://files.pythonhosted.org/packages/20/d3/c67d7d49967344b51208ad19f105233be1afdf07d3dcb35b471900265227/tree_sitter_javascript-0.23.1-cp39-abi3-macosx_10_9_x86_64.whl", hash = "sha256:6ca583dad4bd79d3053c310b9f7208cd597fd85f9947e4ab2294658bb5c11e35", size = 59333 },
    { url = "https://files.pythonhosted.org/packages/a5/db/ea0ee1547679d1750e80a0c4bc60b3520b166eeaf048764cfdd1ba3fd5e5/tree_sitter_javascript-0.23.1-cp39-abi3-macosx_11_0_arm64.whl", hash = "sha256:94100e491a6a247aa4d14caf61230c171b6376c863039b6d9cd71255c2d815ec", size = 61071 },
    { url = "https://files.pythonhosted.org/packages/67/6e/07c4857e08be37bfb55bfb269863df8ec908b2f6a3f1893cd852b893ecab/tree_sitter_javascript-0.23.1-cp39-abi3-manylinux_2_17_aarch64.manylinux2014_aarch64.whl", hash = "sha256:5a6bc1055b061c5055ec58f39ee9b2e9efb8e6e0ae970838af74da0afb811f0a", size = 96999 },
    { url = "https://files.pythonhosted.org/packages/5f/f5/4de730afe8b9422845bc2064020a8a8f49ebd1695c04261c38d1b3e3edec/tree_sitter_javascript-0.23.1-cp39-abi3-manylinux_2_5_x86_64.manylinux1_x86_64.manylinux_2_17_x86_64.manylinux2014_x86_64.whl", hash = "sha256:056dc04fb6b24293f8c5fec43c14e7e16ba2075b3009c643abf8c85edc4c7c3c", size = 94020 },
    { url = "https://files.pythonhosted.org/packages/77/0a/f980520da86c4eff8392867840a945578ef43372c9d4a37922baa6b121fe/tree_sitter_javascript-0.23.1-cp39-abi3-musllinux_1_2_x86_64.whl", hash = "sha256:a11ca1c0f736da42967586b568dff8a465ee148a986c15ebdc9382806e0ce871", size = 92927 },
    { url = "https://files.pythonhosted.org/packages/ff/5c/36a98d512aa1d1082409d6b7eda5d26b820bd4477a54100ad9f62212bc55/tree_sitter_javascript-0.23.1-cp39-abi3-win_amd64.whl", hash = "sha256:041fa22b34250ea6eb313d33104d5303f79504cb259d374d691e38bbdc49145b", size = 58824 },
    { url = "https://files.pythonhosted.org/packages/dc/79/ceb21988e6de615355a63eebcf806cd2a0fe875bec27b429d58b63e7fb5f/tree_sitter_javascript-0.23.1-cp39-abi3-win_arm64.whl", hash = "sha256:eb28130cd2fb30d702d614cbf61ef44d1c7f6869e7d864a9cc17111e370be8f7", size = 57027 },
]

[[package]]
name = "tree-sitter-python"
version = "0.23.6"
source = { registry = "https://pypi.org/simple" }
sdist = { url = "https://files.pythonhosted.org/packages/1c/30/6766433b31be476fda6569a3a374c2220e45ffee0bff75460038a57bf23b/tree_sitter_python-0.23.6.tar.gz", hash = "sha256:354bfa0a2f9217431764a631516f85173e9711af2c13dbd796a8815acfe505d9", size = 155868 }
wheels = [
    { url = "https://files.pythonhosted.org/packages/ab/67/577a02acae5f776007c924ca86ef14c19c12e71de0aa9d2a036f3c248e7b/tree_sitter_python-0.23.6-cp39-abi3-macosx_10_9_x86_64.whl", hash = "sha256:28fbec8f74eeb2b30292d97715e60fac9ccf8a8091ce19b9d93e9b580ed280fb", size = 74361 },
    { url = "https://files.pythonhosted.org/packages/d2/a6/194b3625a7245c532ad418130d63077ce6cd241152524152f533e4d6edb0/tree_sitter_python-0.23.6-cp39-abi3-macosx_11_0_arm64.whl", hash = "sha256:680b710051b144fedf61c95197db0094f2245e82551bf7f0c501356333571f7a", size = 76436 },
    { url = "https://files.pythonhosted.org/packages/d0/62/1da112689d6d282920e62c40e67ab39ea56463b0e7167bfc5e81818a770e/tree_sitter_python-0.23.6-cp39-abi3-manylinux_2_17_aarch64.manylinux2014_aarch64.whl", hash = "sha256:8a9dcef55507b6567207e8ee0a6b053d0688019b47ff7f26edc1764b7f4dc0a4", size = 112060 },
    { url = "https://files.pythonhosted.org/packages/5d/62/c9358584c96e38318d69b6704653684fd8467601f7b74e88aa44f4e6903f/tree_sitter_python-0.23.6-cp39-abi3-manylinux_2_5_x86_64.manylinux1_x86_64.manylinux_2_17_x86_64.manylinux2014_x86_64.whl", hash = "sha256:29dacdc0cd2f64e55e61d96c6906533ebb2791972bec988450c46cce60092f5d", size = 112338 },
    { url = "https://files.pythonhosted.org/packages/1a/58/c5e61add45e34fb8ecbf057c500bae9d96ed7c9ca36edb7985da8ae45526/tree_sitter_python-0.23.6-cp39-abi3-musllinux_1_2_x86_64.whl", hash = "sha256:7e048733c36f564b379831689006801feb267d8194f9e793fbb395ef1723335d", size = 109382 },
    { url = "https://files.pythonhosted.org/packages/e9/f3/9b30893cae9b3811fe652dc6f90aaadfda12ae0b2757f5722fc7266f423c/tree_sitter_python-0.23.6-cp39-abi3-win_amd64.whl", hash = "sha256:a24027248399fb41594b696f929f9956828ae7cc85596d9f775e6c239cd0c2be", size = 75904 },
    { url = "https://files.pythonhosted.org/packages/87/cb/ce35a65f83a47b510d8a2f1eddf3bdbb0d57aabc87351c8788caf3309f76/tree_sitter_python-0.23.6-cp39-abi3-win_arm64.whl", hash = "sha256:71334371bd73d5fe080aed39fbff49ed8efb9506edebe16795b0c7567ed6a272", size = 73649 },
]

[[package]]
name = "tree-sitter-yaml"
version = "0.7.0"
source = { registry = "https://pypi.org/simple" }
sdist = { url = "https://files.pythonhosted.org/packages/93/04/6de8be8112c50450cab753fcd6b74d8368c60f6099bf551cee0bec69563a/tree_sitter_yaml-0.7.0.tar.gz", hash = "sha256:9c8bb17d9755c3b0e757260917240c0d19883cd3b59a5d74f205baa8bf8435a4", size = 85085 }
wheels = [
    { url = "https://files.pythonhosted.org/packages/69/1d/243dbdf59fae8a4109e19f0994e2627ddedb2e16b7cf99bd42be64367742/tree_sitter_yaml-0.7.0-cp39-abi3-macosx_10_9_x86_64.whl", hash = "sha256:e21553ac190ae05bf82796df8beb4d9158ba195b5846018cb36fbc3a35bd0679", size = 43335 },
    { url = "https://files.pythonhosted.org/packages/e2/63/e5d5868a1498e20fd07e7db62933766fd64950279862e3e7f150b88ec69d/tree_sitter_yaml-0.7.0-cp39-abi3-macosx_11_0_arm64.whl", hash = "sha256:c022054f1f9b54201082ea83073a6c24c42d0436ad8ee99ff2574cba8f928c28", size = 44574 },
    { url = "https://files.pythonhosted.org/packages/f5/ba/9cff9a3fddb1b6b38bc71ce1dfdb8892ab15a4042c104f4582e30318b412/tree_sitter_yaml-0.7.0-cp39-abi3-manylinux_2_17_aarch64.manylinux2014_aarch64.whl", hash = "sha256:1cd1725142f19e41c51d27c99cfc60780f596e069eb181cfa6433d993a19aa3d", size = 93088 },
    { url = "https://files.pythonhosted.org/packages/19/09/39d29d9a22cee0b3c3e4f3fdbd23e4534b9c2a84b5f962f369eafcfbf88c/tree_sitter_yaml-0.7.0-cp39-abi3-manylinux_2_5_x86_64.manylinux1_x86_64.manylinux_2_17_x86_64.manylinux2014_x86_64.whl", hash = "sha256:9d1b268378254f75bb27396d83c96d886ccbfcda6bd8c2778e94e3e1d2459085", size = 91367 },
    { url = "https://files.pythonhosted.org/packages/b0/b7/285653b894b351436917b5fe5e738eecaeb2128b4e4bf72bfe0c6043f62e/tree_sitter_yaml-0.7.0-cp39-abi3-musllinux_1_2_x86_64.whl", hash = "sha256:27c2e7f4f49ddf410003abbb82a7b00ec77ea263d8ef08dbce1a15d293eed2fd", size = 87405 },
    { url = "https://files.pythonhosted.org/packages/bb/73/0cdc82ea653c190475a4f63dd4a1f4efd5d1c7d09d2668b8d84008a4c4f8/tree_sitter_yaml-0.7.0-cp39-abi3-win_amd64.whl", hash = "sha256:98dce0d6bc376f842cfb1d3c32512eea95b37e61cd2c87074bb4b05c999917c8", size = 45360 },
    { url = "https://files.pythonhosted.org/packages/2e/32/af2d676b0176a958f22a75b04be836e09476a10844baab78c018a5030297/tree_sitter_yaml-0.7.0-cp39-abi3-win_arm64.whl", hash = "sha256:f0f8d8e05fa8e70f08d0f18a209d6026e171844f4ea7090e7c779b9c375b3a31", size = 43650 },
]
